
Microsoft Visual Studio Solution File, Format Version 12.00
# Visual Studio Version 17
VisualStudioVersion = 17.9.34622.214
MinimumVisualStudioVersion = 10.0.40219.1
Project("{FAE04EC0-301F-11D3-BF4B-00C04F79EFBC}") = "reg_robox", "reg_robox\reg_robox.csproj", "{B96B22E2-FF95-4CFD-A1D6-599491B4EF99}"
EndProject
Global
	GlobalSection(SolutionConfigurationPlatforms) = preSolution
		Debug|Any CPU = Debug|Any CPU
		Release|Any CPU = Release|Any CPU
	EndGlobalSection
	GlobalSection(ProjectConfigurationPlatforms) = postSolution
		{B96B22E2-FF95-4CFD-A1D6-599491B4EF99}.Debug|Any CPU.ActiveCfg = Debug|Any CPU
		{B96B22E2-FF95-4CFD-A1D6-599491B4EF99}.Debug|Any CPU.Build.0 = Debug|Any CPU
		{B96B22E2-FF95-4CFD-A1D6-599491B4EF99}.Release|Any CPU.ActiveCfg = Release|Any CPU
		{B96B22E2-FF95-4CFD-A1D6-599491B4EF99}.Release|Any CPU.Build.0 = Release|Any CPU
	EndGlobalSection
	GlobalSection(SolutionProperties) = preSolution
		HideSolutionNode = FALSE
	EndGlobalSection
	GlobalSection(ExtensibilityGlobals) = postSolution
		SolutionGuid = {913D9771-DC9C-4CFC-A445-4202466AD1E0}
	EndGlobalSection
EndGlobal
